
Microsoft Visual Studio Solution File, Format Version 12.00
# Visual Studio Version 17
VisualStudioVersion = 17.3.32929.385
MinimumVisualStudioVersion = 10.0.40219.1
Project("{FAE04EC0-301F-11D3-BF4B-00C04F79EFBC}") = "StudentManagement", "StudentManagement.csproj", "{053A2FD6-D454-4CAC-907B-DF0208A59801}"
EndProject
Global
	GlobalSection(SolutionConfigurationPlatforms) = preSolution
		Debug|Any CPU = Debug|Any CPU
		Release|Any CPU = Release|Any CPU
	EndGlobalSection
	GlobalSection(ProjectConfigurationPlatforms) = postSolution
		{053A2FD6-D454-4CAC-907B-DF0208A59801}.Debug|Any CPU.ActiveCfg = Debug|Any CPU
		{053A2FD6-D454-4CAC-907B-DF0208A59801}.Debug|Any CPU.Build.0 = Debug|Any CPU
		{053A2FD6-D454-4CAC-907B-DF0208A59801}.Release|Any CPU.ActiveCfg = Release|Any CPU
		{053A2FD6-D454-4CAC-907B-DF0208A59801}.Release|Any CPU.Build.0 = Release|Any CPU
	EndGlobalSection
	GlobalSection(SolutionProperties) = preSolution
		HideSolutionNode = FALSE
	EndGlobalSection
	GlobalSection(ExtensibilityGlobals) = postSolution
		SolutionGuid = {AAAF9F94-7686-488B-9126-819D6B634FAE}
	EndGlobalSection
EndGlobal
